
Microsoft Visual Studio Solution File, Format Version 12.00
# Visual Studio Version 17
VisualStudioVersion = 17.0.31903.59
MinimumVisualStudioVersion = 10.0.40219.1
Project("{FAE04EC0-301F-11D3-BF4B-00C04F79EFBC}") = "EmpresaExercicio01", "EmpresaExercicio01\EmpresaExercicio01.csproj", "{0F38DB63-92EA-44B5-8C0A-C5C2E1C7183B}"
EndProject
Project("{FAE04EC0-301F-11D3-BF4B-00C04F79EFBC}") = "BucketAWS", "BucketAWS\BucketAWS.csproj", "{813A3766-C1B8-488E-8C89-E74917F1D660}"
EndProject
Project("{FAE04EC0-301F-11D3-BF4B-00C04F79EFBC}") = "BuckeApi", "BuckeApi\BuckeApi.csproj", "{DF78C997-C415-49E3-B0E4-DE2C39ECDCF4}"
EndProject
Project("{FAE04EC0-301F-11D3-BF4B-00C04F79EFBC}") = "abstractFunc", "abstractFunc\abstractFunc.csproj", "{B614D2BF-7D20-4FB4-9F42-BC09D5D0633C}"
EndProject
Project("{FAE04EC0-301F-11D3-BF4B-00C04F79EFBC}") = "TratamentoArquivos", "TratamentoArquivos\TratamentoArquivos.csproj", "{A2BF722A-6A8C-4109-AD66-310AA9FC8756}"
EndProject
Project("{FAE04EC0-301F-11D3-BF4B-00C04F79EFBC}") = "FileStreamYStreamReader", "FileStreamYStreamReader\FileStreamYStreamReader.csproj", "{1DB70842-CC11-4DC8-AB91-C6C05333B1B6}"
EndProject
Project("{FAE04EC0-301F-11D3-BF4B-00C04F79EFBC}") = "StreamWriter", "StreamWriter\StreamWriter.csproj", "{5108F6C1-CD09-4A67-BA75-2224BCD9F6D0}"
EndProject
Project("{FAE04EC0-301F-11D3-BF4B-00C04F79EFBC}") = "Diretory", "Diretory\Diretory.csproj", "{CDCD98A5-A188-4E4B-A7A3-5ED5D137630F}"
EndProject
Project("{FAE04EC0-301F-11D3-BF4B-00C04F79EFBC}") = "Path", "Path\Path.csproj", "{0506CFF5-B521-43CF-8FA6-B9F1658B135F}"
EndProject
Global
	GlobalSection(SolutionConfigurationPlatforms) = preSolution
		Debug|Any CPU = Debug|Any CPU
		Debug|x64 = Debug|x64
		Debug|x86 = Debug|x86
		Release|Any CPU = Release|Any CPU
		Release|x64 = Release|x64
		Release|x86 = Release|x86
	EndGlobalSection
	GlobalSection(ProjectConfigurationPlatforms) = postSolution
		{0F38DB63-92EA-44B5-8C0A-C5C2E1C7183B}.Debug|Any CPU.ActiveCfg = Debug|Any CPU
		{0F38DB63-92EA-44B5-8C0A-C5C2E1C7183B}.Debug|Any CPU.Build.0 = Debug|Any CPU
		{0F38DB63-92EA-44B5-8C0A-C5C2E1C7183B}.Debug|x64.ActiveCfg = Debug|Any CPU
		{0F38DB63-92EA-44B5-8C0A-C5C2E1C7183B}.Debug|x64.Build.0 = Debug|Any CPU
		{0F38DB63-92EA-44B5-8C0A-C5C2E1C7183B}.Debug|x86.ActiveCfg = Debug|Any CPU
		{0F38DB63-92EA-44B5-8C0A-C5C2E1C7183B}.Debug|x86.Build.0 = Debug|Any CPU
		{0F38DB63-92EA-44B5-8C0A-C5C2E1C7183B}.Release|Any CPU.ActiveCfg = Release|Any CPU
		{0F38DB63-92EA-44B5-8C0A-C5C2E1C7183B}.Release|Any CPU.Build.0 = Release|Any CPU
		{0F38DB63-92EA-44B5-8C0A-C5C2E1C7183B}.Release|x64.ActiveCfg = Release|Any CPU
		{0F38DB63-92EA-44B5-8C0A-C5C2E1C7183B}.Release|x64.Build.0 = Release|Any CPU
		{0F38DB63-92EA-44B5-8C0A-C5C2E1C7183B}.Release|x86.ActiveCfg = Release|Any CPU
		{0F38DB63-92EA-44B5-8C0A-C5C2E1C7183B}.Release|x86.Build.0 = Release|Any CPU
		{813A3766-C1B8-488E-8C89-E74917F1D660}.Debug|Any CPU.ActiveCfg = Debug|Any CPU
		{813A3766-C1B8-488E-8C89-E74917F1D660}.Debug|Any CPU.Build.0 = Debug|Any CPU
		{813A3766-C1B8-488E-8C89-E74917F1D660}.Debug|x64.ActiveCfg = Debug|Any CPU
		{813A3766-C1B8-488E-8C89-E74917F1D660}.Debug|x64.Build.0 = Debug|Any CPU
		{813A3766-C1B8-488E-8C89-E74917F1D660}.Debug|x86.ActiveCfg = Debug|Any CPU
		{813A3766-C1B8-488E-8C89-E74917F1D660}.Debug|x86.Build.0 = Debug|Any CPU
		{813A3766-C1B8-488E-8C89-E74917F1D660}.Release|Any CPU.ActiveCfg = Release|Any CPU
		{813A3766-C1B8-488E-8C89-E74917F1D660}.Release|Any CPU.Build.0 = Release|Any CPU
		{813A3766-C1B8-488E-8C89-E74917F1D660}.Release|x64.ActiveCfg = Release|Any CPU
		{813A3766-C1B8-488E-8C89-E74917F1D660}.Release|x64.Build.0 = Release|Any CPU
		{813A3766-C1B8-488E-8C89-E74917F1D660}.Release|x86.ActiveCfg = Release|Any CPU
		{813A3766-C1B8-488E-8C89-E74917F1D660}.Release|x86.Build.0 = Release|Any CPU
		{DF78C997-C415-49E3-B0E4-DE2C39ECDCF4}.Debug|Any CPU.ActiveCfg = Debug|Any CPU
		{DF78C997-C415-49E3-B0E4-DE2C39ECDCF4}.Debug|Any CPU.Build.0 = Debug|Any CPU
		{DF78C997-C415-49E3-B0E4-DE2C39ECDCF4}.Debug|x64.ActiveCfg = Debug|Any CPU
		{DF78C997-C415-49E3-B0E4-DE2C39ECDCF4}.Debug|x64.Build.0 = Debug|Any CPU
		{DF78C997-C415-49E3-B0E4-DE2C39ECDCF4}.Debug|x86.ActiveCfg = Debug|Any CPU
		{DF78C997-C415-49E3-B0E4-DE2C39ECDCF4}.Debug|x86.Build.0 = Debug|Any CPU
		{DF78C997-C415-49E3-B0E4-DE2C39ECDCF4}.Release|Any CPU.ActiveCfg = Release|Any CPU
		{DF78C997-C415-49E3-B0E4-DE2C39ECDCF4}.Release|Any CPU.Build.0 = Release|Any CPU
		{DF78C997-C415-49E3-B0E4-DE2C39ECDCF4}.Release|x64.ActiveCfg = Release|Any CPU
		{DF78C997-C415-49E3-B0E4-DE2C39ECDCF4}.Release|x64.Build.0 = Release|Any CPU
		{DF78C997-C415-49E3-B0E4-DE2C39ECDCF4}.Release|x86.ActiveCfg = Release|Any CPU
		{DF78C997-C415-49E3-B0E4-DE2C39ECDCF4}.Release|x86.Build.0 = Release|Any CPU
		{B614D2BF-7D20-4FB4-9F42-BC09D5D0633C}.Debug|Any CPU.ActiveCfg = Debug|Any CPU
		{B614D2BF-7D20-4FB4-9F42-BC09D5D0633C}.Debug|Any CPU.Build.0 = Debug|Any CPU
		{B614D2BF-7D20-4FB4-9F42-BC09D5D0633C}.Debug|x64.ActiveCfg = Debug|Any CPU
		{B614D2BF-7D20-4FB4-9F42-BC09D5D0633C}.Debug|x64.Build.0 = Debug|Any CPU
		{B614D2BF-7D20-4FB4-9F42-BC09D5D0633C}.Debug|x86.ActiveCfg = Debug|Any CPU
		{B614D2BF-7D20-4FB4-9F42-BC09D5D0633C}.Debug|x86.Build.0 = Debug|Any CPU
		{B614D2BF-7D20-4FB4-9F42-BC09D5D0633C}.Release|Any CPU.ActiveCfg = Release|Any CPU
		{B614D2BF-7D20-4FB4-9F42-BC09D5D0633C}.Release|Any CPU.Build.0 = Release|Any CPU
		{B614D2BF-7D20-4FB4-9F42-BC09D5D0633C}.Release|x64.ActiveCfg = Release|Any CPU
		{B614D2BF-7D20-4FB4-9F42-BC09D5D0633C}.Release|x64.Build.0 = Release|Any CPU
		{B614D2BF-7D20-4FB4-9F42-BC09D5D0633C}.Release|x86.ActiveCfg = Release|Any CPU
		{B614D2BF-7D20-4FB4-9F42-BC09D5D0633C}.Release|x86.Build.0 = Release|Any CPU
		{A2BF722A-6A8C-4109-AD66-310AA9FC8756}.Debug|Any CPU.ActiveCfg = Debug|Any CPU
		{A2BF722A-6A8C-4109-AD66-310AA9FC8756}.Debug|Any CPU.Build.0 = Debug|Any CPU
		{A2BF722A-6A8C-4109-AD66-310AA9FC8756}.Debug|x64.ActiveCfg = Debug|Any CPU
		{A2BF722A-6A8C-4109-AD66-310AA9FC8756}.Debug|x64.Build.0 = Debug|Any CPU
		{A2BF722A-6A8C-4109-AD66-310AA9FC8756}.Debug|x86.ActiveCfg = Debug|Any CPU
		{A2BF722A-6A8C-4109-AD66-310AA9FC8756}.Debug|x86.Build.0 = Debug|Any CPU
		{A2BF722A-6A8C-4109-AD66-310AA9FC8756}.Release|Any CPU.ActiveCfg = Release|Any CPU
		{A2BF722A-6A8C-4109-AD66-310AA9FC8756}.Release|Any CPU.Build.0 = Release|Any CPU
		{A2BF722A-6A8C-4109-AD66-310AA9FC8756}.Release|x64.ActiveCfg = Release|Any CPU
		{A2BF722A-6A8C-4109-AD66-310AA9FC8756}.Release|x64.Build.0 = Release|Any CPU
		{A2BF722A-6A8C-4109-AD66-310AA9FC8756}.Release|x86.ActiveCfg = Release|Any CPU
		{A2BF722A-6A8C-4109-AD66-310AA9FC8756}.Release|x86.Build.0 = Release|Any CPU
		{1DB70842-CC11-4DC8-AB91-C6C05333B1B6}.Debug|Any CPU.ActiveCfg = Debug|Any CPU
		{1DB70842-CC11-4DC8-AB91-C6C05333B1B6}.Debug|Any CPU.Build.0 = Debug|Any CPU
		{1DB70842-CC11-4DC8-AB91-C6C05333B1B6}.Debug|x64.ActiveCfg = Debug|Any CPU
		{1DB70842-CC11-4DC8-AB91-C6C05333B1B6}.Debug|x64.Build.0 = Debug|Any CPU
		{1DB70842-CC11-4DC8-AB91-C6C05333B1B6}.Debug|x86.ActiveCfg = Debug|Any CPU
		{1DB70842-CC11-4DC8-AB91-C6C05333B1B6}.Debug|x86.Build.0 = Debug|Any CPU
		{1DB70842-CC11-4DC8-AB91-C6C05333B1B6}.Release|Any CPU.ActiveCfg = Release|Any CPU
		{1DB70842-CC11-4DC8-AB91-C6C05333B1B6}.Release|Any CPU.Build.0 = Release|Any CPU
		{1DB70842-CC11-4DC8-AB91-C6C05333B1B6}.Release|x64.ActiveCfg = Release|Any CPU
		{1DB70842-CC11-4DC8-AB91-C6C05333B1B6}.Release|x64.Build.0 = Release|Any CPU
		{1DB70842-CC11-4DC8-AB91-C6C05333B1B6}.Release|x86.ActiveCfg = Release|Any CPU
		{1DB70842-CC11-4DC8-AB91-C6C05333B1B6}.Release|x86.Build.0 = Release|Any CPU
		{5108F6C1-CD09-4A67-BA75-2224BCD9F6D0}.Debug|Any CPU.ActiveCfg = Debug|Any CPU
		{5108F6C1-CD09-4A67-BA75-2224BCD9F6D0}.Debug|Any CPU.Build.0 = Debug|Any CPU
		{5108F6C1-CD09-4A67-BA75-2224BCD9F6D0}.Debug|x64.ActiveCfg = Debug|Any CPU
		{5108F6C1-CD09-4A67-BA75-2224BCD9F6D0}.Debug|x64.Build.0 = Debug|Any CPU
		{5108F6C1-CD09-4A67-BA75-2224BCD9F6D0}.Debug|x86.ActiveCfg = Debug|Any CPU
		{5108F6C1-CD09-4A67-BA75-2224BCD9F6D0}.Debug|x86.Build.0 = Debug|Any CPU
		{5108F6C1-CD09-4A67-BA75-2224BCD9F6D0}.Release|Any CPU.ActiveCfg = Release|Any CPU
		{5108F6C1-CD09-4A67-BA75-2224BCD9F6D0}.Release|Any CPU.Build.0 = Release|Any CPU
		{5108F6C1-CD09-4A67-BA75-2224BCD9F6D0}.Release|x64.ActiveCfg = Release|Any CPU
		{5108F6C1-CD09-4A67-BA75-2224BCD9F6D0}.Release|x64.Build.0 = Release|Any CPU
		{5108F6C1-CD09-4A67-BA75-2224BCD9F6D0}.Release|x86.ActiveCfg = Release|Any CPU
		{5108F6C1-CD09-4A67-BA75-2224BCD9F6D0}.Release|x86.Build.0 = Release|Any CPU
		{CDCD98A5-A188-4E4B-A7A3-5ED5D137630F}.Debug|Any CPU.ActiveCfg = Debug|Any CPU
		{CDCD98A5-A188-4E4B-A7A3-5ED5D137630F}.Debug|Any CPU.Build.0 = Debug|Any CPU
		{CDCD98A5-A188-4E4B-A7A3-5ED5D137630F}.Debug|x64.ActiveCfg = Debug|Any CPU
		{CDCD98A5-A188-4E4B-A7A3-5ED5D137630F}.Debug|x64.Build.0 = Debug|Any CPU
		{CDCD98A5-A188-4E4B-A7A3-5ED5D137630F}.Debug|x86.ActiveCfg = Debug|Any CPU
		{CDCD98A5-A188-4E4B-A7A3-5ED5D137630F}.Debug|x86.Build.0 = Debug|Any CPU
		{CDCD98A5-A188-4E4B-A7A3-5ED5D137630F}.Release|Any CPU.ActiveCfg = Release|Any CPU
		{CDCD98A5-A188-4E4B-A7A3-5ED5D137630F}.Release|Any CPU.Build.0 = Release|Any CPU
		{CDCD98A5-A188-4E4B-A7A3-5ED5D137630F}.Release|x64.ActiveCfg = Release|Any CPU
		{CDCD98A5-A188-4E4B-A7A3-5ED5D137630F}.Release|x64.Build.0 = Release|Any CPU
		{CDCD98A5-A188-4E4B-A7A3-5ED5D137630F}.Release|x86.ActiveCfg = Release|Any CPU
		{CDCD98A5-A188-4E4B-A7A3-5ED5D137630F}.Release|x86.Build.0 = Release|Any CPU
		{0506CFF5-B521-43CF-8FA6-B9F1658B135F}.Debug|Any CPU.ActiveCfg = Debug|Any CPU
		{0506CFF5-B521-43CF-8FA6-B9F1658B135F}.Debug|Any CPU.Build.0 = Debug|Any CPU
		{0506CFF5-B521-43CF-8FA6-B9F1658B135F}.Debug|x64.ActiveCfg = Debug|Any CPU
		{0506CFF5-B521-43CF-8FA6-B9F1658B135F}.Debug|x64.Build.0 = Debug|Any CPU
		{0506CFF5-B521-43CF-8FA6-B9F1658B135F}.Debug|x86.ActiveCfg = Debug|Any CPU
		{0506CFF5-B521-43CF-8FA6-B9F1658B135F}.Debug|x86.Build.0 = Debug|Any CPU
		{0506CFF5-B521-43CF-8FA6-B9F1658B135F}.Release|Any CPU.ActiveCfg = Release|Any CPU
		{0506CFF5-B521-43CF-8FA6-B9F1658B135F}.Release|Any CPU.Build.0 = Release|Any CPU
		{0506CFF5-B521-43CF-8FA6-B9F1658B135F}.Release|x64.ActiveCfg = Release|Any CPU
		{0506CFF5-B521-43CF-8FA6-B9F1658B135F}.Release|x64.Build.0 = Release|Any CPU
		{0506CFF5-B521-43CF-8FA6-B9F1658B135F}.Release|x86.ActiveCfg = Release|Any CPU
		{0506CFF5-B521-43CF-8FA6-B9F1658B135F}.Release|x86.Build.0 = Release|Any CPU
	EndGlobalSection
	GlobalSection(SolutionProperties) = preSolution
		HideSolutionNode = FALSE
	EndGlobalSection
EndGlobal
